
Microsoft Visual Studio Solution File, Format Version 12.00
# Visual Studio Version 16
VisualStudioVersion = 16.0.30413.136
MinimumVisualStudioVersion = 10.0.40219.1
Project("{FAE04EC0-301F-11D3-BF4B-00C04F79EFBC}") = "ITMO.WebCourse.Yaroshchuk.ExamApp", "ITMO.WebCourse.Yaroshchuk.ExamApp.csproj", "{D85697B6-606B-4074-A30C-C4BD494BD7A5}"
EndProject
Global
	GlobalSection(SolutionConfigurationPlatforms) = preSolution
		Debug|Any CPU = Debug|Any CPU
		Release|Any CPU = Release|Any CPU
	EndGlobalSection
	GlobalSection(ProjectConfigurationPlatforms) = postSolution
		{D85697B6-606B-4074-A30C-C4BD494BD7A5}.Debug|Any CPU.ActiveCfg = Debug|Any CPU
		{D85697B6-606B-4074-A30C-C4BD494BD7A5}.Debug|Any CPU.Build.0 = Debug|Any CPU
		{D85697B6-606B-4074-A30C-C4BD494BD7A5}.Release|Any CPU.ActiveCfg = Release|Any CPU
		{D85697B6-606B-4074-A30C-C4BD494BD7A5}.Release|Any CPU.Build.0 = Release|Any CPU
	EndGlobalSection
	GlobalSection(SolutionProperties) = preSolution
		HideSolutionNode = FALSE
	EndGlobalSection
	GlobalSection(ExtensibilityGlobals) = postSolution
		SolutionGuid = {B6D5823B-5282-41BB-8ED0-F6E12D0F60D3}
	EndGlobalSection
EndGlobal
